
Microsoft Visual Studio Solution File, Format Version 12.00
# Visual Studio Version 16
VisualStudioVersion = 16.0.31105.61
MinimumVisualStudioVersion = 10.0.40219.1
Project("{FAE04EC0-301F-11D3-BF4B-00C04F79EFBC}") = "Extension Method", "Extension Method\Extension Method.csproj", "{C9FCB9E0-4929-4364-B430-DF82FF602604}"
EndProject
Global
	GlobalSection(SolutionConfigurationPlatforms) = preSolution
		Debug|Any CPU = Debug|Any CPU
		Release|Any CPU = Release|Any CPU
	EndGlobalSection
	GlobalSection(ProjectConfigurationPlatforms) = postSolution
		{C9FCB9E0-4929-4364-B430-DF82FF602604}.Debug|Any CPU.ActiveCfg = Debug|Any CPU
		{C9FCB9E0-4929-4364-B430-DF82FF602604}.Debug|Any CPU.Build.0 = Debug|Any CPU
		{C9FCB9E0-4929-4364-B430-DF82FF602604}.Release|Any CPU.ActiveCfg = Release|Any CPU
		{C9FCB9E0-4929-4364-B430-DF82FF602604}.Release|Any CPU.Build.0 = Release|Any CPU
	EndGlobalSection
	GlobalSection(SolutionProperties) = preSolution
		HideSolutionNode = FALSE
	EndGlobalSection
	GlobalSection(ExtensibilityGlobals) = postSolution
		SolutionGuid = {0E9C345F-CAEB-409A-8413-EB9252185008}
	EndGlobalSection
EndGlobal
