
Microsoft Visual Studio Solution File, Format Version 12.00
# Visual Studio Version 16
VisualStudioVersion = 16.0.31105.61
MinimumVisualStudioVersion = 10.0.40219.1
Project("{FAE04EC0-301F-11D3-BF4B-00C04F79EFBC}") = "Dynamic", "Dynamic\Dynamic.csproj", "{1706CB2E-F5DA-4EC5-B8D9-72D0B3D0D3B8}"
EndProject
Global
	GlobalSection(SolutionConfigurationPlatforms) = preSolution
		Debug|Any CPU = Debug|Any CPU
		Release|Any CPU = Release|Any CPU
	EndGlobalSection
	GlobalSection(ProjectConfigurationPlatforms) = postSolution
		{1706CB2E-F5DA-4EC5-B8D9-72D0B3D0D3B8}.Debug|Any CPU.ActiveCfg = Debug|Any CPU
		{1706CB2E-F5DA-4EC5-B8D9-72D0B3D0D3B8}.Debug|Any CPU.Build.0 = Debug|Any CPU
		{1706CB2E-F5DA-4EC5-B8D9-72D0B3D0D3B8}.Release|Any CPU.ActiveCfg = Release|Any CPU
		{1706CB2E-F5DA-4EC5-B8D9-72D0B3D0D3B8}.Release|Any CPU.Build.0 = Release|Any CPU
	EndGlobalSection
	GlobalSection(SolutionProperties) = preSolution
		HideSolutionNode = FALSE
	EndGlobalSection
	GlobalSection(ExtensibilityGlobals) = postSolution
		SolutionGuid = {7135AC3C-915E-4F57-8882-24DF4980E60D}
	EndGlobalSection
EndGlobal
