
Microsoft Visual Studio Solution File, Format Version 12.00
# Visual Studio Version 16
VisualStudioVersion = 16.0.31105.61
MinimumVisualStudioVersion = 10.0.40219.1
Project("{FAE04EC0-301F-11D3-BF4B-00C04F79EFBC}") = "Delegate", "Delegate\Delegate.csproj", "{A2A97CB7-A720-445B-B4D0-4D54CA77583F}"
EndProject
Global
	GlobalSection(SolutionConfigurationPlatforms) = preSolution
		Debug|Any CPU = Debug|Any CPU
		Release|Any CPU = Release|Any CPU
	EndGlobalSection
	GlobalSection(ProjectConfigurationPlatforms) = postSolution
		{A2A97CB7-A720-445B-B4D0-4D54CA77583F}.Debug|Any CPU.ActiveCfg = Debug|Any CPU
		{A2A97CB7-A720-445B-B4D0-4D54CA77583F}.Debug|Any CPU.Build.0 = Debug|Any CPU
		{A2A97CB7-A720-445B-B4D0-4D54CA77583F}.Release|Any CPU.ActiveCfg = Release|Any CPU
		{A2A97CB7-A720-445B-B4D0-4D54CA77583F}.Release|Any CPU.Build.0 = Release|Any CPU
	EndGlobalSection
	GlobalSection(SolutionProperties) = preSolution
		HideSolutionNode = FALSE
	EndGlobalSection
	GlobalSection(ExtensibilityGlobals) = postSolution
		SolutionGuid = {B4F4BC50-74B9-4775-8502-4CCF93947FA5}
	EndGlobalSection
EndGlobal
